
Microsoft Visual Studio Solution File, Format Version 12.00
# Visual Studio Version 17
VisualStudioVersion = 17.7.34018.315
MinimumVisualStudioVersion = 10.0.40219.1
Project("{FAE04EC0-301F-11D3-BF4B-00C04F79EFBC}") = "workspace-test", "workspace-test\workspace-test.csproj", "{5D6F12A1-4E85-4346-83F6-511DF31299DC}"
EndProject
Global
	GlobalSection(SolutionConfigurationPlatforms) = preSolution
		Debug|Any CPU = Debug|Any CPU
		Release|Any CPU = Release|Any CPU
	EndGlobalSection
	GlobalSection(ProjectConfigurationPlatforms) = postSolution
		{5D6F12A1-4E85-4346-83F6-511DF31299DC}.Debug|Any CPU.ActiveCfg = Debug|Any CPU
		{5D6F12A1-4E85-4346-83F6-511DF31299DC}.Debug|Any CPU.Build.0 = Debug|Any CPU
		{5D6F12A1-4E85-4346-83F6-511DF31299DC}.Release|Any CPU.ActiveCfg = Release|Any CPU
		{5D6F12A1-4E85-4346-83F6-511DF31299DC}.Release|Any CPU.Build.0 = Release|Any CPU
	EndGlobalSection
	GlobalSection(SolutionProperties) = preSolution
		HideSolutionNode = FALSE
	EndGlobalSection
	GlobalSection(ExtensibilityGlobals) = postSolution
		SolutionGuid = {DA97AE81-C56A-46CE-A4DA-83B8D80FA496}
	EndGlobalSection
EndGlobal
